<?xml version="1.0" encoding="utf-8"?>
<Project ToolsVersion="4.0" xmlns="http://schemas.microsoft.com/developer/msbuild/2003">
  <ItemGroup>
    <Filter Include="Source Files">
      <UniqueIdentifier>{baa0b59e-b807-4ddb-89bd-43af2104d43d}</UniqueIdentifier>
      <Extensions>cpp;c;cxx;rc;def;r;odl;idl;hpj;bat;for;f90</Extensions>
    </Filter>
    <Filter Include="Source Files\hl">
      <UniqueIdentifier>{e8177d49-e3d9-4f36-9359-eb73d842b37d}</UniqueIdentifier>
      <Extensions>*.CPP</Extensions>
    </Filter>
    <Filter Include="Header Files">
      <UniqueIdentifier>{510710ea-64c1-4301-b3a1-ff28525f5bb6}</UniqueIdentifier>
      <Extensions>h;hpp;hxx;hm;inl;fi;fd</Extensions>
    </Filter>
    <Filter Include="Resource Files">
      <UniqueIdentifier>{9d3f6471-2f2e-4e4e-b516-6752aa23edca}</UniqueIdentifier>
      <Extensions>ico;cur;bmp;dlg;rc2;rct;bin;cnt;rtf;gif;jpg;jpeg;jpe</Extensions>
    </Filter>
    <Filter Include="Source Files\HUD">
      <UniqueIdentifier>{4e0e465c-070a-4bc7-8c1a-3ef4aa1660e2}</UniqueIdentifier>
    </Filter>
    <Filter Include="Source Files\VGUI">
      <UniqueIdentifier>{1c37ff99-0360-4ded-bf4d-86eaf2243f65}</UniqueIdentifier>
    </Filter>
    <Filter Include="Header Files\HUD">
      <UniqueIdentifier>{7dd011c9-a643-41b6-bb9a-22a12e6aa561}</UniqueIdentifier>
    </Filter>
    <Filter Include="Header Files\VGUI">
      <UniqueIdentifier>{4def3520-25c1-486d-a594-e9a10fa12315}</UniqueIdentifier>
    </Filter>
  </ItemGroup>
  <ItemGroup>
    <ClCompile Include="ev_hldm.cpp">
      <Filter>Source Files\hl</Filter>
    </ClCompile>
    <ClCompile Include="hl\hl_baseentity.cpp">
      <Filter>Source Files\hl</Filter>
    </ClCompile>
    <ClCompile Include="hl\hl_objects.cpp">
      <Filter>Source Files\hl</Filter>
    </ClCompile>
    <ClCompile Include="hl\hl_weapons.cpp">
      <Filter>Source Files\hl</Filter>
    </ClCompile>
    <ClCompile Include="..\game_shared\vgui_scrollbar2.cpp">
      <Filter>Source Files\hl</Filter>
    </ClCompile>
    <ClCompile Include="..\game_shared\vgui_slider2.cpp">
      <Filter>Source Files\hl</Filter>
    </ClCompile>
    <ClCompile Include="..\game_shared\voice_banmgr.cpp">
      <Filter>Source Files\hl</Filter>
    </ClCompile>
    <ClCompile Include="..\game_shared\voice_status.cpp">
      <Filter>Source Files\hl</Filter>
    </ClCompile>
    <ClCompile Include="cdll_int.cpp">
      <Filter>Source Files</Filter>
    </ClCompile>
    <ClCompile Include="com_weapons.cpp">
      <Filter>Source Files</Filter>
    </ClCompile>
    <ClCompile Include="death.cpp">
      <Filter>Source Files</Filter>
    </ClCompile>
    <ClCompile Include="demo.cpp">
      <Filter>Source Files</Filter>
    </ClCompile>
    <ClCompile Include="entity.cpp">
      <Filter>Source Files</Filter>
    </ClCompile>
    <ClCompile Include="ev_common.cpp">
      <Filter>Source Files</Filter>
    </ClCompile>
    <ClCompile Include="GameStudioModelRenderer.cpp">
      <Filter>Source Files</Filter>
    </ClCompile>
    <ClCompile Include="geiger.cpp">
      <Filter>Source Files</Filter>
    </ClCompile>
    <ClCompile Include="in_camera.cpp">
      <Filter>Source Files</Filter>
    </ClCompile>
    <ClCompile Include="input.cpp">
      <Filter>Source Files</Filter>
    </ClCompile>
    <ClCompile Include="inputw32.cpp">
      <Filter>Source Files</Filter>
    </ClCompile>
    <ClCompile Include="menu.cpp">
      <Filter>Source Files</Filter>
    </ClCompile>
    <ClCompile Include="message.cpp">
      <Filter>Source Files</Filter>
    </ClCompile>
    <ClCompile Include="overview.cpp">
      <Filter>Source Files</Filter>
    </ClCompile>
    <ClCompile Include="parsemsg.cpp">
      <Filter>Source Files</Filter>
    </ClCompile>
    <ClCompile Include="..\pm_shared\pm_debug.c">
      <Filter>Source Files</Filter>
    </ClCompile>
    <ClCompile Include="..\pm_shared\pm_math.c">
      <Filter>Source Files</Filter>
    </ClCompile>
    <ClCompile Include="..\pm_shared\pm_shared.c">
      <Filter>Source Files</Filter>
    </ClCompile>
    <ClCompile Include="studio_util.cpp">
      <Filter>Source Files</Filter>
    </ClCompile>
    <ClCompile Include="StudioModelRenderer.cpp">
      <Filter>Source Files</Filter>
    </ClCompile>
    <ClCompile Include="text_message.cpp">
      <Filter>Source Files</Filter>
    </ClCompile>
    <ClCompile Include="tri.cpp">
      <Filter>Source Files</Filter>
    </ClCompile>
    <ClCompile Include="util.cpp">
      <Filter>Source Files</Filter>
    </ClCompile>
    <ClCompile Include="view.cpp">
      <Filter>Source Files</Filter>
    </ClCompile>
    <ClCompile Include="ammo_secondary.cpp">
      <Filter>Source Files\HUD</Filter>
    </ClCompile>
    <ClCompile Include="ammo.cpp">
      <Filter>Source Files\HUD</Filter>
    </ClCompile>
    <ClCompile Include="ammohistory.cpp">
      <Filter>Source Files\HUD</Filter>
    </ClCompile>
    <ClCompile Include="battery.cpp">
      <Filter>Source Files\HUD</Filter>
    </ClCompile>
    <ClCompile Include="health.cpp">
      <Filter>Source Files\HUD</Filter>
    </ClCompile>
    <ClCompile Include="hud.cpp">
      <Filter>Source Files\HUD</Filter>
    </ClCompile>
    <ClCompile Include="hud_msg.cpp">
      <Filter>Source Files\HUD</Filter>
    </ClCompile>
    <ClCompile Include="hud_redraw.cpp">
      <Filter>Source Files\HUD</Filter>
    </ClCompile>
    <ClCompile Include="hud_servers.cpp">
      <Filter>Source Files\HUD</Filter>
    </ClCompile>
    <ClCompile Include="hud_spectator.cpp">
      <Filter>Source Files\HUD</Filter>
    </ClCompile>
    <ClCompile Include="hud_update.cpp">
      <Filter>Source Files\HUD</Filter>
    </ClCompile>
    <ClCompile Include="flashlight.cpp">
      <Filter>Source Files\HUD</Filter>
    </ClCompile>
    <ClCompile Include="train.cpp">
      <Filter>Source Files\HUD</Filter>
    </ClCompile>
    <ClCompile Include="vgui_teammenu.cpp">
      <Filter>Source Files\VGUI</Filter>
    </ClCompile>
    <ClCompile Include="..\game_shared\vgui_checkbutton2.cpp">
      <Filter>Source Files\VGUI</Filter>
    </ClCompile>
    <ClCompile Include="vgui_ClassMenu.cpp">
      <Filter>Source Files\VGUI</Filter>
    </ClCompile>
    <ClCompile Include="vgui_ConsolePanel.cpp">
      <Filter>Source Files\VGUI</Filter>
    </ClCompile>
    <ClCompile Include="vgui_ControlConfigPanel.cpp">
      <Filter>Source Files\VGUI</Filter>
    </ClCompile>
    <ClCompile Include="vgui_CustomObjects.cpp">
      <Filter>Source Files\VGUI</Filter>
    </ClCompile>
    <ClCompile Include="..\game_shared\vgui_grid.cpp">
      <Filter>Source Files\VGUI</Filter>
    </ClCompile>
    <ClCompile Include="..\game_shared\vgui_helpers.cpp">
      <Filter>Source Files\VGUI</Filter>
    </ClCompile>
    <ClCompile Include="vgui_int.cpp">
      <Filter>Source Files\VGUI</Filter>
    </ClCompile>
    <ClCompile Include="..\game_shared\vgui_listbox.cpp">
      <Filter>Source Files\VGUI</Filter>
    </ClCompile>
    <ClCompile Include="..\game_shared\vgui_loadtga.cpp">
      <Filter>Source Files\VGUI</Filter>
    </ClCompile>
    <ClCompile Include="vgui_MOTDWindow.cpp">
      <Filter>Source Files\VGUI</Filter>
    </ClCompile>
    <ClCompile Include="vgui_SchemeManager.cpp">
      <Filter>Source Files\VGUI</Filter>
    </ClCompile>
    <ClCompile Include="vgui_ScorePanel.cpp">
      <Filter>Source Files\VGUI</Filter>
    </ClCompile>
    <ClCompile Include="vgui_ServerBrowser.cpp">
      <Filter>Source Files\VGUI</Filter>
    </ClCompile>
    <ClCompile Include="vgui_SpectatorPanel.cpp">
      <Filter>Source Files\VGUI</Filter>
    </ClCompile>
    <ClCompile Include="vgui_TeamFortressViewport.cpp">
      <Filter>Source Files\VGUI</Filter>
    </ClCompile>
    <ClCompile Include="saytext.cpp">
      <Filter>Source Files\HUD</Filter>
    </ClCompile>
    <ClCompile Include="status_icons.cpp">
      <Filter>Source Files\HUD</Filter>
    </ClCompile>
    <ClCompile Include="statusbar.cpp">
      <Filter>Source Files\HUD</Filter>
    </ClCompile>
    <ClCompile Include="rain.cpp">
      <Filter>Source Files</Filter>
    </ClCompile>
    <ClCompile Include="StencilShadow.cpp">
      <Filter>Source Files</Filter>
    </ClCompile>
    <ClCompile Include="StencilShadowRender.cpp">
      <Filter>Source Files</Filter>
    </ClCompile>
  </ItemGroup>
  <ItemGroup>
    <ClInclude Include="parsemsg.h">
      <Filter>Source Files</Filter>
    </ClInclude>
    <ClInclude Include="camera.h">
      <Filter>Header Files</Filter>
    </ClInclude>
    <ClInclude Include="cl_dll.h">
      <Filter>Header Files</Filter>
    </ClInclude>
    <ClInclude Include="com_weapons.h">
      <Filter>Header Files</Filter>
    </ClInclude>
    <ClInclude Include="demo.h">
      <Filter>Header Files</Filter>
    </ClInclude>
    <ClInclude Include="ev_hldm.h">
      <Filter>Header Files</Filter>
    </ClInclude>
    <ClInclude Include="eventscripts.h">
      <Filter>Header Files</Filter>
    </ClInclude>
    <ClInclude Include="GameStudioModelRenderer.h">
      <Filter>Header Files</Filter>
    </ClInclude>
    <ClInclude Include="in_defs.h">
      <Filter>Header Files</Filter>
    </ClInclude>
    <ClInclude Include="..\common\itrackeruser.h">
      <Filter>Header Files</Filter>
    </ClInclude>
    <ClInclude Include="kbutton.h">
      <Filter>Header Files</Filter>
    </ClInclude>
    <ClInclude Include="overview.h">
      <Filter>Header Files</Filter>
    </ClInclude>
    <ClInclude Include="..\pm_shared\pm_debug.h">
      <Filter>Header Files</Filter>
    </ClInclude>
    <ClInclude Include="..\pm_shared\pm_defs.h">
      <Filter>Header Files</Filter>
    </ClInclude>
    <ClInclude Include="..\pm_shared\pm_info.h">
      <Filter>Header Files</Filter>
    </ClInclude>
    <ClInclude Include="..\pm_shared\pm_materials.h">
      <Filter>Header Files</Filter>
    </ClInclude>
    <ClInclude Include="..\pm_shared\pm_movevars.h">
      <Filter>Header Files</Filter>
    </ClInclude>
    <ClInclude Include="..\pm_shared\pm_shared.h">
      <Filter>Header Files</Filter>
    </ClInclude>
    <ClInclude Include="studio_util.h">
      <Filter>Header Files</Filter>
    </ClInclude>
    <ClInclude Include="StudioModelRenderer.h">
      <Filter>Header Files</Filter>
    </ClInclude>
    <ClInclude Include="util.h">
      <Filter>Header Files</Filter>
    </ClInclude>
    <ClInclude Include="util_vector.h">
      <Filter>Header Files</Filter>
    </ClInclude>
    <ClInclude Include="view.h">
      <Filter>Header Files</Filter>
    </ClInclude>
    <ClInclude Include="..\game_shared\voice_banmgr.h">
      <Filter>Header Files</Filter>
    </ClInclude>
    <ClInclude Include="..\game_shared\voice_status.h">
      <Filter>Header Files</Filter>
    </ClInclude>
    <ClInclude Include="..\game_shared\voice_vgui_tweakdlg.h">
      <Filter>Header Files</Filter>
    </ClInclude>
    <ClInclude Include="wrect.h">
      <Filter>Header Files</Filter>
    </ClInclude>
    <ClInclude Include="hud.h">
      <Filter>Header Files\HUD</Filter>
    </ClInclude>
    <ClInclude Include="ammo.h">
      <Filter>Header Files\HUD</Filter>
    </ClInclude>
    <ClInclude Include="ammohistory.h">
      <Filter>Header Files\HUD</Filter>
    </ClInclude>
    <ClInclude Include="hud_iface.h">
      <Filter>Header Files\HUD</Filter>
    </ClInclude>
    <ClInclude Include="hud_servers.h">
      <Filter>Header Files\HUD</Filter>
    </ClInclude>
    <ClInclude Include="hud_servers_priv.h">
      <Filter>Header Files\HUD</Filter>
    </ClInclude>
    <ClInclude Include="hud_spectator.h">
      <Filter>Header Files\HUD</Filter>
    </ClInclude>
    <ClInclude Include="health.h">
      <Filter>Header Files\HUD</Filter>
    </ClInclude>
    <ClInclude Include="vgui_TeamFortressViewport.h">
      <Filter>Header Files\VGUI</Filter>
    </ClInclude>
    <ClInclude Include="vgui_ConsolePanel.h">
      <Filter>Header Files\VGUI</Filter>
    </ClInclude>
    <ClInclude Include="vgui_ControlConfigPanel.h">
      <Filter>Header Files\VGUI</Filter>
    </ClInclude>
    <ClInclude Include="vgui_int.h">
      <Filter>Header Files\VGUI</Filter>
    </ClInclude>
    <ClInclude Include="vgui_SchemeManager.h">
      <Filter>Header Files\VGUI</Filter>
    </ClInclude>
    <ClInclude Include="vgui_ScorePanel.h">
      <Filter>Header Files\VGUI</Filter>
    </ClInclude>
    <ClInclude Include="vgui_ServerBrowser.h">
      <Filter>Header Files\VGUI</Filter>
    </ClInclude>
    <ClInclude Include="vgui_SpectatorPanel.h">
      <Filter>Header Files\VGUI</Filter>
    </ClInclude>
    <ClInclude Include="rain.h">
      <Filter>Source Files</Filter>
    </ClInclude>
    <ClInclude Include="StencilShadowRender.h">
      <Filter>Header Files</Filter>
    </ClInclude>
  </ItemGroup>
</Project>